
Microsoft Visual Studio Solution File, Format Version 12.00
# Visual Studio 15
VisualStudioVersion = 15.0.28307.1022
MinimumVisualStudioVersion = 10.0.40219.1
Project("{FAE04EC0-301F-11D3-BF4B-00C04F79EFBC}") = "BaiThucHanhSo2PTTKTT", "BaiThucHanhSo2PTTKTT\BaiThucHanhSo2PTTKTT.csproj", "{8F96BFA7-5887-4813-94AD-92215181516A}"
EndProject
Global
	GlobalSection(SolutionConfigurationPlatforms) = preSolution
		Debug|Any CPU = Debug|Any CPU
		Release|Any CPU = Release|Any CPU
	EndGlobalSection
	GlobalSection(ProjectConfigurationPlatforms) = postSolution
		{8F96BFA7-5887-4813-94AD-92215181516A}.Debug|Any CPU.ActiveCfg = Debug|Any CPU
		{8F96BFA7-5887-4813-94AD-92215181516A}.Debug|Any CPU.Build.0 = Debug|Any CPU
		{8F96BFA7-5887-4813-94AD-92215181516A}.Release|Any CPU.ActiveCfg = Release|Any CPU
		{8F96BFA7-5887-4813-94AD-92215181516A}.Release|Any CPU.Build.0 = Release|Any CPU
	EndGlobalSection
	GlobalSection(SolutionProperties) = preSolution
		HideSolutionNode = FALSE
	EndGlobalSection
	GlobalSection(ExtensibilityGlobals) = postSolution
		SolutionGuid = {360FF68A-AB9D-47CC-8F0D-C381B55413C4}
	EndGlobalSection
EndGlobal
