
Microsoft Visual Studio Solution File, Format Version 12.00
# Visual Studio Version 16
VisualStudioVersion = 16.0.29728.190
MinimumVisualStudioVersion = 10.0.40219.1
Project("{FAE04EC0-301F-11D3-BF4B-00C04F79EFBC}") = "BinarySearchAlogorithm", "BinarySearchAlogorithm\BinarySearchAlogorithm.csproj", "{A867DB29-27A2-49BF-B892-7EA314EB79AD}"
EndProject
Global
	GlobalSection(SolutionConfigurationPlatforms) = preSolution
		Debug|Any CPU = Debug|Any CPU
		Release|Any CPU = Release|Any CPU
	EndGlobalSection
	GlobalSection(ProjectConfigurationPlatforms) = postSolution
		{A867DB29-27A2-49BF-B892-7EA314EB79AD}.Debug|Any CPU.ActiveCfg = Debug|Any CPU
		{A867DB29-27A2-49BF-B892-7EA314EB79AD}.Debug|Any CPU.Build.0 = Debug|Any CPU
		{A867DB29-27A2-49BF-B892-7EA314EB79AD}.Release|Any CPU.ActiveCfg = Release|Any CPU
		{A867DB29-27A2-49BF-B892-7EA314EB79AD}.Release|Any CPU.Build.0 = Release|Any CPU
	EndGlobalSection
	GlobalSection(SolutionProperties) = preSolution
		HideSolutionNode = FALSE
	EndGlobalSection
	GlobalSection(ExtensibilityGlobals) = postSolution
		SolutionGuid = {0A0642E6-783F-492A-BA33-28F11DD7AEE2}
	EndGlobalSection
EndGlobal
